
Microsoft Visual Studio Solution File, Format Version 12.00
# Visual Studio Version 17
VisualStudioVersion = 17.14.36109.1 d17.14
MinimumVisualStudioVersion = 10.0.40219.1
Project("{FAE04EC0-301F-11D3-BF4B-00C04F79EFBC}") = "Umbraco-Assignment-CMS", "Umbraco-Assignment-CMS.csproj", "{D141E4F4-B5CC-4705-93C3-C9FF887F0E36}"
EndProject
Global
	GlobalSection(SolutionConfigurationPlatforms) = preSolution
		Debug|Any CPU = Debug|Any CPU
		Release|Any CPU = Release|Any CPU
	EndGlobalSection
	GlobalSection(ProjectConfigurationPlatforms) = postSolution
		{D141E4F4-B5CC-4705-93C3-C9FF887F0E36}.Debug|Any CPU.ActiveCfg = Debug|Any CPU
		{D141E4F4-B5CC-4705-93C3-C9FF887F0E36}.Debug|Any CPU.Build.0 = Debug|Any CPU
		{D141E4F4-B5CC-4705-93C3-C9FF887F0E36}.Release|Any CPU.ActiveCfg = Release|Any CPU
		{D141E4F4-B5CC-4705-93C3-C9FF887F0E36}.Release|Any CPU.Build.0 = Release|Any CPU
	EndGlobalSection
	GlobalSection(SolutionProperties) = preSolution
		HideSolutionNode = FALSE
	EndGlobalSection
	GlobalSection(ExtensibilityGlobals) = postSolution
		SolutionGuid = {227CF0F8-DDC5-4155-AE1E-9C7FE88DE8EC}
	EndGlobalSection
EndGlobal
